
Microsoft Visual Studio Solution File, Format Version 12.00
# Visual Studio 14
VisualStudioVersion = 14.0.25420.1
MinimumVisualStudioVersion = 10.0.40219.1
Project("{FAE04EC0-301F-11D3-BF4B-00C04F79EFBC}") = "Bootstrap", "Bootstrap\Bootstrap.csproj", "{2861D15B-D6DF-479D-B0B4-AFCE03AEB16E}"
EndProject
Project("{FAE04EC0-301F-11D3-BF4B-00C04F79EFBC}") = "CampusMVP-RWD", "CampusMVP-RWD\CampusMVP-RWD.csproj", "{095DA049-4ACF-4186-A439-408C7A0F9FA5}"
EndProject
Global
	GlobalSection(SolutionConfigurationPlatforms) = preSolution
		Debug|Any CPU = Debug|Any CPU
		Release|Any CPU = Release|Any CPU
	EndGlobalSection
	GlobalSection(ProjectConfigurationPlatforms) = postSolution
		{2861D15B-D6DF-479D-B0B4-AFCE03AEB16E}.Debug|Any CPU.ActiveCfg = Debug|Any CPU
		{2861D15B-D6DF-479D-B0B4-AFCE03AEB16E}.Debug|Any CPU.Build.0 = Debug|Any CPU
		{2861D15B-D6DF-479D-B0B4-AFCE03AEB16E}.Release|Any CPU.ActiveCfg = Release|Any CPU
		{2861D15B-D6DF-479D-B0B4-AFCE03AEB16E}.Release|Any CPU.Build.0 = Release|Any CPU
		{095DA049-4ACF-4186-A439-408C7A0F9FA5}.Debug|Any CPU.ActiveCfg = Debug|Any CPU
		{095DA049-4ACF-4186-A439-408C7A0F9FA5}.Debug|Any CPU.Build.0 = Debug|Any CPU
		{095DA049-4ACF-4186-A439-408C7A0F9FA5}.Release|Any CPU.ActiveCfg = Release|Any CPU
		{095DA049-4ACF-4186-A439-408C7A0F9FA5}.Release|Any CPU.Build.0 = Release|Any CPU
	EndGlobalSection
	GlobalSection(SolutionProperties) = preSolution
		HideSolutionNode = FALSE
	EndGlobalSection
EndGlobal
